// !$*UTF8*$!
{
	archiveVersion = 1;
	classes = {
	};
	objectVersion = 50;
	objects = {

/* Begin PBXBuildFile section */
		24B3E3AC26B3086200E6C080 /* AppDelegate.swift in Sources */ = {isa = PBXBuildFile; fileRef = 24B3E3AB26B3086200E6C080 /* AppDelegate.swift */; };
		24B3E3AE26B3086200E6C080 /* SceneDelegate.swift in Sources */ = {isa = PBXBuildFile; fileRef = 24B3E3AD26B3086200E6C080 /* SceneDelegate.swift */; };
		24B3E3B026B3086200E6C080 /* ViewController.swift in Sources */ = {isa = PBXBuildFile; fileRef = 24B3E3AF26B3086200E6C080 /* ViewController.swift */; };
		24B3E3B326B3086200E6C080 /* Main.storyboard in Resources */ = {isa = PBXBuildFile; fileRef = 24B3E3B126B3086200E6C080 /* Main.storyboard */; };
		24B3E3B626B3086200E6C080 /* MovieDecider.xcdatamodeld in Sources */ = {isa = PBXBuildFile; fileRef = 24B3E3B426B3086200E6C080 /* MovieDecider.xcdatamodeld */; };
		24B3E3B826B3086300E6C080 /* Assets.xcassets in Resources */ = {isa = PBXBuildFile; fileRef = 24B3E3B726B3086300E6C080 /* Assets.xcassets */; };
		24B3E3BB26B3086300E6C080 /* LaunchScreen.storyboard in Resources */ = {isa = PBXBuildFile; fileRef = 24B3E3B926B3086300E6C080 /* LaunchScreen.storyboard */; };
		24B3E3C526B326B600E6C080 /* MovieListController.swift in Sources */ = {isa = PBXBuildFile; fileRef = 24B3E3C426B326B600E6C080 /* MovieListController.swift */; };
/* End PBXBuildFile section */

/* Begin PBXFileReference section */
		24B3E3A826B3086200E6C080 /* MovieDecider.app */ = {isa = PBXFileReference; explicitFileType = wrapper.application; includeInIndex = 0; path = MovieDecider.app; sourceTree = BUILT_PRODUCTS_DIR; };
		24B3E3AB26B3086200E6C080 /* AppDelegate.swift */ = {isa = PBXFileReference; lastKnownFileType = sourcecode.swift; path = AppDelegate.swift; sourceTree = "<group>"; };
		24B3E3AD26B3086200E6C080 /* SceneDelegate.swift */ = {isa = PBXFileReference; lastKnownFileType = sourcecode.swift; path = SceneDelegate.swift; sourceTree = "<group>"; };
		24B3E3AF26B3086200E6C080 /* ViewController.swift */ = {isa = PBXFileReference; lastKnownFileType = sourcecode.swift; path = ViewController.swift; sourceTree = "<group>"; };
		24B3E3B226B3086200E6C080 /* Base */ = {isa = PBXFileReference; lastKnownFileType = file.storyboard; name = Base; path = Base.lproj/Main.storyboard; sourceTree = "<group>"; };
		24B3E3B526B3086200E6C080 /* MovieDecider.xcdatamodel */ = {isa = PBXFileReference; lastKnownFileType = wrapper.xcdatamodel; path = MovieDecider.xcdatamodel; sourceTree = "<group>"; };
		24B3E3B726B3086300E6C080 /* Assets.xcassets */ = {isa = PBXFileReference; lastKnownFileType = folder.assetcatalog; path = Assets.xcassets; sourceTree = "<group>"; };
		24B3E3BA26B3086300E6C080 /* Base */ = {isa = PBXFileReference; lastKnownFileType = file.storyboard; name = Base; path = Base.lproj/LaunchScreen.storyboard; sourceTree = "<group>"; };
		24B3E3BC26B3086300E6C080 /* Info.plist */ = {isa = PBXFileReference; lastKnownFileType = text.plist.xml; path = Info.plist; sourceTree = "<group>"; };
		24B3E3C426B326B600E6C080 /* MovieListController.swift */ = {isa = PBXFileReference; lastKnownFileType = sourcecode.swift; path = MovieListController.swift; sourceTree = "<group>"; };
/* End PBXFileReference section */

/* Begin PBXFrameworksBuildPhase section */
		24B3E3A526B3086200E6C080 /* Frameworks */ = {
			isa = PBXFrameworksBuildPhase;
			buildActionMask = 2147483647;
			files = (
			);
			runOnlyForDeploymentPostprocessing = 0;
		};
/* End PBXFrameworksBuildPhase section */

/* Begin PBXGroup section */
		24B3E39F26B3086200E6C080 = {
			isa = PBXGroup;
			children = (
				24B3E3AA26B3086200E6C080 /* MovieDecider */,
				24B3E3A926B3086200E6C080 /* Products */,
			);
			sourceTree = "<group>";
		};
		24B3E3A926B3086200E6C080 /* Products */ = {
			isa = PBXGroup;
			children = (
				24B3E3A826B3086200E6C080 /* MovieDecider.app */,
			);
			name = Products;
			sourceTree = "<group>";
		};
		24B3E3AA26B3086200E6C080 /* MovieDecider */ = {
			isa = PBXGroup;
			children = (
				24B3E3AB26B3086200E6C080 /* AppDelegate.swift */,
				24B3E3AD26B3086200E6C080 /* SceneDelegate.swift */,
				24B3E3C326B30BC600E6C080 /* Controller */,
				24B3E3C226B3092300E6C080 /* Views */,
				24B3E3B726B3086300E6C080 /* Assets.xcassets */,
				24B3E3BC26B3086300E6C080 /* Info.plist */,
				24B3E3B426B3086200E6C080 /* MovieDecider.xcdatamodeld */,
			);
			path = MovieDecider;
			sourceTree = "<group>";
		};
		24B3E3C226B3092300E6C080 /* Views */ = {
			isa = PBXGroup;
			children = (
				24B3E3B926B3086300E6C080 /* LaunchScreen.storyboard */,
				24B3E3B126B3086200E6C080 /* Main.storyboard */,
			);
			path = Views;
			sourceTree = "<group>";
		};
		24B3E3C326B30BC600E6C080 /* Controller */ = {
			isa = PBXGroup;
			children = (
				24B3E3AF26B3086200E6C080 /* ViewController.swift */,
				24B3E3C426B326B600E6C080 /* MovieListController.swift */,
			);
			path = Controller;
			sourceTree = "<group>";
		};
/* End PBXGroup section */

/* Begin PBXNativeTarget section */
		24B3E3A726B3086200E6C080 /* MovieDecider */ = {
			isa = PBXNativeTarget;
			buildConfigurationList = 24B3E3BF26B3086300E6C080 /* Build configuration list for PBXNativeTarget "MovieDecider" */;
			buildPhases = (
				24B3E3A426B3086200E6C080 /* Sources */,
				24B3E3A526B3086200E6C080 /* Frameworks */,
				24B3E3A626B3086200E6C080 /* Resources */,
			);
			buildRules = (
			);
			dependencies = (
			);
			name = MovieDecider;
			productName = MovieDecider;
			productReference = 24B3E3A826B3086200E6C080 /* MovieDecider.app */;
			productType = "com.apple.product-type.application";
		};
/* End PBXNativeTarget section */

/* Begin PBXProject section */
		24B3E3A026B3086200E6C080 /* Project object */ = {
			isa = PBXProject;
			attributes = {
				LastSwiftUpdateCheck = 1250;
				LastUpgradeCheck = 1250;
				TargetAttributes = {
					24B3E3A726B3086200E6C080 = {
						CreatedOnToolsVersion = 12.5.1;
					};
				};
			};
			buildConfigurationList = 24B3E3A326B3086200E6C080 /* Build configuration list for PBXProject "MovieDecider" */;
			compatibilityVersion = "Xcode 9.3";
			developmentRegion = en;
			hasScannedForEncodings = 0;
			knownRegions = (
				en,
				Base,
			);
			mainGroup = 24B3E39F26B3086200E6C080;
			productRefGroup = 24B3E3A926B3086200E6C080 /* Products */;
			projectDirPath = "";
			projectRoot = "";
			targets = (
				24B3E3A726B3086200E6C080 /* MovieDecider */,
			);
		};
/* End PBXProject section */

/* Begin PBXResourcesBuildPhase section */
		24B3E3A626B3086200E6C080 /* Resources */ = {
			isa = PBXResourcesBuildPhase;
			buildActionMask = 2147483647;
			files = (
				24B3E3BB26B3086300E6C080 /* LaunchScreen.storyboard in Resources */,
				24B3E3B826B3086300E6C080 /* Assets.xcassets in Resources */,
				24B3E3B326B3086200E6C080 /* Main.storyboard in Resources */,
			);
			runOnlyForDeploymentPostprocessing = 0;
		};
/* End PBXResourcesBuildPhase section */

/* Begin PBXSourcesBuildPhase section */
		24B3E3A426B3086200E6C080 /* Sources */ = {
			isa = PBXSourcesBuildPhase;
			buildActionMask = 2147483647;
			files = (
				24B3E3C526B326B600E6C080 /* MovieListController.swift in Sources */,
				24B3E3B026B3086200E6C080 /* ViewController.swift in Sources */,
				24B3E3B626B3086200E6C080 /* MovieDecider.xcdatamodeld in Sources */,
				24B3E3AC26B3086200E6C080 /* AppDelegate.swift in Sources */,
				24B3E3AE26B3086200E6C080 /* SceneDelegate.swift in Sources */,
			);
			runOnlyForDeploymentPostprocessing = 0;
		};
/* End PBXSourcesBuildPhase section */

/* Begin PBXVariantGroup section */
		24B3E3B126B3086200E6C080 /* Main.storyboard */ = {
			isa = PBXVariantGroup;
			children = (
				24B3E3B226B3086200E6C080 /* Base */,
			);
			name = Main.storyboard;
			sourceTree = "<group>";
		};
		24B3E3B926B3086300E6C080 /* LaunchScreen.storyboard */ = {
			isa = PBXVariantGroup;
			children = (
				24B3E3BA26B3086300E6C080 /* Base */,
			);
			name = LaunchScreen.storyboard;
			sourceTree = "<group>";
		};
/* End PBXVariantGroup section */

/* Begin XCBuildConfiguration section */
		24B3E3BD26B3086300E6C080 /* Debug */ = {
			isa = XCBuildConfiguration;
			buildSettings = {
				ALWAYS_SEARCH_USER_PATHS = NO;
				CLANG_ANALYZER_NONNULL = YES;
				CLANG_ANALYZER_NUMBER_OBJECT_CONVERSION = YES_AGGRESSIVE;
				CLANG_CXX_LANGUAGE_STANDARD = "gnu++14";
				CLANG_CXX_LIBRARY = "libc++";
				CLANG_ENABLE_MODULES = YES;
				CLANG_ENABLE_OBJC_ARC = YES;
				CLANG_ENABLE_OBJC_WEAK = YES;
				CLANG_WARN_BLOCK_CAPTURE_AUTORELEASING = YES;
				CLANG_WARN_BOOL_CONVERSION = YES;
				CLANG_WARN_COMMA = YES;
				CLANG_WARN_CONSTANT_CONVERSION = YES;
				CLANG_WARN_DEPRECATED_OBJC_IMPLEMENTATIONS = YES;
				CLANG_WARN_DIRECT_OBJC_ISA_USAGE = YES_ERROR;
				CLANG_WARN_DOCUMENTATION_COMMENTS = YES;
				CLANG_WARN_EMPTY_BODY = YES;
				CLANG_WARN_ENUM_CONVERSION = YES;
				CLANG_WARN_INFINITE_RECURSION = YES;
				CLANG_WARN_INT_CONVERSION = YES;
				CLANG_WARN_NON_LITERAL_NULL_CONVERSION = YES;
				CLANG_WARN_OBJC_IMPLICIT_RETAIN_SELF = YES;
				CLANG_WARN_OBJC_LITERAL_CONVERSION = YES;
				CLANG_WARN_OBJC_ROOT_CLASS = YES_ERROR;
				CLANG_WARN_QUOTED_INCLUDE_IN_FRAMEWORK_HEADER = YES;
				CLANG_WARN_RANGE_LOOP_ANALYSIS = YES;
				CLANG_WARN_STRICT_PROTOTYPES = YES;
				CLANG_WARN_SUSPICIOUS_MOVE = YES;
				CLANG_WARN_UNGUARDED_AVAILABILITY = YES_AGGRESSIVE;
				CLANG_WARN_UNREACHABLE_CODE = YES;
				CLANG_WARN__DUPLICATE_METHOD_MATCH = YES;
				COPY_PHASE_STRIP = NO;
				DEBUG_INFORMATION_FORMAT = dwarf;
				ENABLE_STRICT_OBJC_MSGSEND = YES;
				ENABLE_TESTABILITY = YES;
				GCC_C_LANGUAGE_STANDARD = gnu11;
				GCC_DYNAMIC_NO_PIC = NO;
				GCC_NO_COMMON_BLOCKS = YES;
				GCC_OPTIMIZATION_LEVEL = 0;
				GCC_PREPROCESSOR_DEFINITIONS = (
					"DEBUG=1",
					"$(inherited)",
				);
				GCC_WARN_64_TO_32_BIT_CONVERSION = YES;
				GCC_WARN_ABOUT_RETURN_TYPE = YES_ERROR;
				GCC_WARN_UNDECLARED_SELECTOR = YES;
				GCC_WARN_UNINITIALIZED_AUTOS = YES_AGGRESSIVE;
				GCC_WARN_UNUSED_FUNCTION = YES;
				GCC_WARN_UNUSED_VARIABLE = YES;
				IPHONEOS_DEPLOYMENT_TARGET = 14.5;
				MTL_ENABLE_DEBUG_INFO = INCLUDE_SOURCE;
				MTL_FAST_MATH = YES;
				ONLY_ACTIVE_ARCH = YES;
				SDKROOT = iphoneos;
				SWIFT_ACTIVE_COMPILATION_CONDITIONS = DEBUG;
				SWIFT_OPTIMIZATION_LEVEL = "-Onone";
			};
			name = Debug;
		};
		24B3E3BE26B3086300E6C080 /* Release */ = {
			isa = XCBuildConfiguration;
			buildSettings = {
				ALWAYS_SEARCH_USER_PATHS = NO;
				CLANG_ANALYZER_NONNULL = YES;
				CLANG_ANALYZER_NUMBER_OBJECT_CONVERSION = YES_AGGRESSIVE;
				CLANG_CXX_LANGUAGE_STANDARD = "gnu++14";
				CLANG_CXX_LIBRARY = "libc++";
				CLANG_ENABLE_MODULES = YES;
				CLANG_ENABLE_OBJC_ARC = YES;
				CLANG_ENABLE_OBJC_WEAK = YES;
				CLANG_WARN_BLOCK_CAPTURE_AUTORELEASING = YES;
				CLANG_WARN_BOOL_CONVERSION = YES;
				CLANG_WARN_COMMA = YES;
				CLANG_WARN_CONSTANT_CONVERSION = YES;
				CLANG_WARN_DEPRECATED_OBJC_IMPLEMENTATIONS = YES;
				CLANG_WARN_DIRECT_OBJC_ISA_USAGE = YES_ERROR;
				CLANG_WARN_DOCUMENTATION_COMMENTS = YES;
				CLANG_WARN_EMPTY_BODY = YES;
				CLANG_WARN_ENUM_CONVERSION = YES;
				CLANG_WARN_INFINITE_RECURSION = YES;
				CLANG_WARN_INT_CONVERSION = YES;
				CLANG_WARN_NON_LITERAL_NULL_CONVERSION = YES;
				CLANG_WARN_OBJC_IMPLICIT_RETAIN_SELF = YES;
				CLANG_WARN_OBJC_LITERAL_CONVERSION = YES;
				CLANG_WARN_OBJC_ROOT_CLASS = YES_ERROR;
				CLANG_WARN_QUOTED_INCLUDE_IN_FRAMEWORK_HEADER = YES;
				CLANG_WARN_RANGE_LOOP_ANALYSIS = YES;
				CLANG_WARN_STRICT_PROTOTYPES = YES;
				CLANG_WARN_SUSPICIOUS_MOVE = YES;
				CLANG_WARN_UNGUARDED_AVAILABILITY = YES_AGGRESSIVE;
				CLANG_WARN_UNREACHABLE_CODE = YES;
				CLANG_WARN__DUPLICATE_METHOD_MATCH = YES;
				COPY_PHASE_STRIP = NO;
				DEBUG_INFORMATION_FORMAT = "dwarf-with-dsym";
				ENABLE_NS_ASSERTIONS = NO;
				ENABLE_STRICT_OBJC_MSGSEND = YES;
				GCC_C_LANGUAGE_STANDARD = gnu11;
				GCC_NO_COMMON_BLOCKS = YES;
				GCC_WARN_64_TO_32_BIT_CONVERSION = YES;
				GCC_WARN_ABOUT_RETURN_TYPE = YES_ERROR;
				GCC_WARN_UNDECLARED_SELECTOR = YES;
				GCC_WARN_UNINITIALIZED_AUTOS = YES_AGGRESSIVE;
				GCC_WARN_UNUSED_FUNCTION = YES;
				GCC_WARN_UNUSED_VARIABLE = YES;
				IPHONEOS_DEPLOYMENT_TARGET = 14.5;
				MTL_ENABLE_DEBUG_INFO = NO;
				MTL_FAST_MATH = YES;
				SDKROOT = iphoneos;
				SWIFT_COMPILATION_MODE = wholemodule;
				SWIFT_OPTIMIZATION_LEVEL = "-O";
				VALIDATE_PRODUCT = YES;
			};
			name = Release;
		};
		24B3E3C026B3086300E6C080 /* Debug */ = {
			isa = XCBuildConfiguration;
			buildSettings = {
				ASSETCATALOG_COMPILER_APPICON_NAME = AppIcon;
				ASSETCATALOG_COMPILER_GLOBAL_ACCENT_COLOR_NAME = AccentColor;
				CODE_SIGN_STYLE = Automatic;
				DEVELOPMENT_TEAM = 28F8QWH9NQ;
				INFOPLIST_FILE = MovieDecider/Info.plist;
				LD_RUNPATH_SEARCH_PATHS = (
					"$(inherited)",
					"@executable_path/Frameworks",
				);
				PRODUCT_BUNDLE_IDENTIFIER = com.navadev.MovieDecider;
				PRODUCT_NAME = "$(TARGET_NAME)";
				SWIFT_VERSION = 5.0;
				TARGETED_DEVICE_FAMILY = "1,2";
			};
			name = Debug;
		};
		24B3E3C126B3086300E6C080 /* Release */ = {
			isa = XCBuildConfiguration;
			buildSettings = {
				ASSETCATALOG_COMPILER_APPICON_NAME = AppIcon;
				ASSETCATALOG_COMPILER_GLOBAL_ACCENT_COLOR_NAME = AccentColor;
				CODE_SIGN_STYLE = Automatic;
				DEVELOPMENT_TEAM = 28F8QWH9NQ;
				INFOPLIST_FILE = MovieDecider/Info.plist;
				LD_RUNPATH_SEARCH_PATHS = (
					"$(inherited)",
					"@executable_path/Frameworks",
				);
				PRODUCT_BUNDLE_IDENTIFIER = com.navadev.MovieDecider;
				PRODUCT_NAME = "$(TARGET_NAME)";
				SWIFT_VERSION = 5.0;
				TARGETED_DEVICE_FAMILY = "1,2";
			};
			name = Release;
		};
/* End XCBuildConfiguration section */

/* Begin XCConfigurationList section */
		24B3E3A326B3086200E6C080 /* Build configuration list for PBXProject "MovieDecider" */ = {
			isa = XCConfigurationList;
			buildConfigurations = (
				24B3E3BD26B3086300E6C080 /* Debug */,
				24B3E3BE26B3086300E6C080 /* Release */,
			);
			defaultConfigurationIsVisible = 0;
			defaultConfigurationName = Release;
		};
		24B3E3BF26B3086300E6C080 /* Build configuration list for PBXNativeTarget "MovieDecider" */ = {
			isa = XCConfigurationList;
			buildConfigurations = (
				24B3E3C026B3086300E6C080 /* Debug */,
				24B3E3C126B3086300E6C080 /* Release */,
			);
			defaultConfigurationIsVisible = 0;
			defaultConfigurationName = Release;
		};
/* End XCConfigurationList section */

/* Begin XCVersionGroup section */
		24B3E3B426B3086200E6C080 /* MovieDecider.xcdatamodeld */ = {
			isa = XCVersionGroup;
			children = (
				24B3E3B526B3086200E6C080 /* MovieDecider.xcdatamodel */,
			);
			currentVersion = 24B3E3B526B3086200E6C080 /* MovieDecider.xcdatamodel */;
			path = MovieDecider.xcdatamodeld;
			sourceTree = "<group>";
			versionGroupType = wrapper.xcdatamodel;
		};
/* End XCVersionGroup section */
	};
	rootObject = 24B3E3A026B3086200E6C080 /* Project object */;
}
